
Microsoft Visual Studio Solution File, Format Version 12.00
# Visual Studio Version 17
VisualStudioVersion = 17.9.34728.123
MinimumVisualStudioVersion = 10.0.40219.1
Project("{FAE04EC0-301F-11D3-BF4B-00C04F79EFBC}") = "OOPAssignmentUI_1", "OOPAssignmentUI_1\OOPAssignmentUI_1.csproj", "{81680F3D-CAD7-45EC-8ED2-0959BD697FA1}"
EndProject
Global
	GlobalSection(SolutionConfigurationPlatforms) = preSolution
		Debug|Any CPU = Debug|Any CPU
		Release|Any CPU = Release|Any CPU
	EndGlobalSection
	GlobalSection(ProjectConfigurationPlatforms) = postSolution
		{81680F3D-CAD7-45EC-8ED2-0959BD697FA1}.Debug|Any CPU.ActiveCfg = Debug|Any CPU
		{81680F3D-CAD7-45EC-8ED2-0959BD697FA1}.Debug|Any CPU.Build.0 = Debug|Any CPU
		{81680F3D-CAD7-45EC-8ED2-0959BD697FA1}.Release|Any CPU.ActiveCfg = Release|Any CPU
		{81680F3D-CAD7-45EC-8ED2-0959BD697FA1}.Release|Any CPU.Build.0 = Release|Any CPU
	EndGlobalSection
	GlobalSection(SolutionProperties) = preSolution
		HideSolutionNode = FALSE
	EndGlobalSection
	GlobalSection(ExtensibilityGlobals) = postSolution
		SolutionGuid = {05D074E4-0D55-41BF-9149-7D88BF0F7121}
	EndGlobalSection
EndGlobal
